
Microsoft Visual Studio Solution File, Format Version 12.00
# Visual Studio 2012
Project("{FAE04EC0-301F-11D3-BF4B-00C04F79EFBC}") = "PhoneDialerAndMessaging", "PhoneDialerAndMessaging\PhoneDialerAndMessaging.csproj", "{417B613C-0070-45E2-8D2E-B5DEE8417596}"
EndProject
Global
	GlobalSection(SolutionConfigurationPlatforms) = preSolution
		Debug|Any CPU = Debug|Any CPU
		Release|Any CPU = Release|Any CPU
	EndGlobalSection
	GlobalSection(ProjectConfigurationPlatforms) = postSolution
		{417B613C-0070-45E2-8D2E-B5DEE8417596}.Debug|Any CPU.ActiveCfg = Debug|Any CPU
		{417B613C-0070-45E2-8D2E-B5DEE8417596}.Debug|Any CPU.Build.0 = Debug|Any CPU
		{417B613C-0070-45E2-8D2E-B5DEE8417596}.Release|Any CPU.ActiveCfg = Release|Any CPU
		{417B613C-0070-45E2-8D2E-B5DEE8417596}.Release|Any CPU.Build.0 = Release|Any CPU
	EndGlobalSection
EndGlobal
