
Microsoft Visual Studio Solution File, Format Version 12.00
# Visual Studio 2012
Project("{FAE04EC0-301F-11D3-BF4B-00C04F79EFBC}") = "CountLines", "CountLines\CountLines.csproj", "{875346C0-E83F-4A73-87DD-4B03C1EFACFD}"
EndProject
Global
	GlobalSection(SolutionConfigurationPlatforms) = preSolution
		Debug|Any CPU = Debug|Any CPU
		Release|Any CPU = Release|Any CPU
	EndGlobalSection
	GlobalSection(ProjectConfigurationPlatforms) = postSolution
		{875346C0-E83F-4A73-87DD-4B03C1EFACFD}.Debug|Any CPU.ActiveCfg = Debug|Any CPU
		{875346C0-E83F-4A73-87DD-4B03C1EFACFD}.Debug|Any CPU.Build.0 = Debug|Any CPU
		{875346C0-E83F-4A73-87DD-4B03C1EFACFD}.Release|Any CPU.ActiveCfg = Release|Any CPU
		{875346C0-E83F-4A73-87DD-4B03C1EFACFD}.Release|Any CPU.Build.0 = Release|Any CPU
	EndGlobalSection
	GlobalSection(MonoDevelopProperties) = preSolution
		StartupItem = CountLines\CountLines.csproj
	EndGlobalSection
EndGlobal
